// !$*UTF8*$!
{
	archiveVersion = 1;
	classes = {
	};
	objectVersion = 46;
	objects = {

/* Begin PBXBuildFile section */
		3527FAF91E608D2F0092241F /* GeoService.m in Sources */ = {isa = PBXBuildFile; fileRef = 3527FAF81E608D2F0092241F /* GeoService.m */; };
		3527FAFA1E608D2F0092241F /* GeoService.h in CopyFiles */ = {isa = PBXBuildFile; fileRef = 3527FAF71E608D2F0092241F /* GeoService.h */; };
/* End PBXBuildFile section */

/* Begin PBXCopyFilesBuildPhase section */
		3527FAF21E608D2F0092241F /* CopyFiles */ = {
			isa = PBXCopyFilesBuildPhase;
			buildActionMask = 2147483647;
			dstPath = "include/$(PRODUCT_NAME)";
			dstSubfolderSpec = 16;
			files = (
				3527FAFA1E608D2F0092241F /* GeoService.h in CopyFiles */,
			);
			runOnlyForDeploymentPostprocessing = 0;
		};
/* End PBXCopyFilesBuildPhase section */

/* Begin PBXFileReference section */
		3527FAF41E608D2F0092241F /* libGeoService.a */ = {isa = PBXFileReference; explicitFileType = archive.ar; includeInIndex = 0; path = libGeoService.a; sourceTree = BUILT_PRODUCTS_DIR; };
		3527FAF71E608D2F0092241F /* GeoService.h */ = {isa = PBXFileReference; lastKnownFileType = sourcecode.c.h; path = GeoService.h; sourceTree = "<group>"; };
		3527FAF81E608D2F0092241F /* GeoService.m */ = {isa = PBXFileReference; lastKnownFileType = sourcecode.c.objc; path = GeoService.m; sourceTree = "<group>"; };
/* End PBXFileReference section */

/* Begin PBXFrameworksBuildPhase section */
		3527FAF11E608D2F0092241F /* Frameworks */ = {
			isa = PBXFrameworksBuildPhase;
			buildActionMask = 2147483647;
			files = (
			);
			runOnlyForDeploymentPostprocessing = 0;
		};
/* End PBXFrameworksBuildPhase section */

/* Begin PBXGroup section */
		3527FAEB1E608D2F0092241F = {
			isa = PBXGroup;
			children = (
				3527FAF61E608D2F0092241F /* GeoService */,
				3527FAF51E608D2F0092241F /* Products */,
			);
			sourceTree = "<group>";
		};
		3527FAF51E608D2F0092241F /* Products */ = {
			isa = PBXGroup;
			children = (
				3527FAF41E608D2F0092241F /* libGeoService.a */,
			);
			name = Products;
			sourceTree = "<group>";
		};
		3527FAF61E608D2F0092241F /* GeoService */ = {
			isa = PBXGroup;
			children = (
				3527FAF71E608D2F0092241F /* GeoService.h */,
				3527FAF81E608D2F0092241F /* GeoService.m */,
			);
			path = GeoService;
			sourceTree = "<group>";
		};
/* End PBXGroup section */

/* Begin PBXNativeTarget section */
		3527FAF31E608D2F0092241F /* GeoService */ = {
			isa = PBXNativeTarget;
			buildConfigurationList = 3527FAFD1E608D2F0092241F /* Build configuration list for PBXNativeTarget "GeoService" */;
			buildPhases = (
				3527FAF01E608D2F0092241F /* Sources */,
				3527FAF11E608D2F0092241F /* Frameworks */,
				3527FAF21E608D2F0092241F /* CopyFiles */,
			);
			buildRules = (
			);
			dependencies = (
			);
			name = GeoService;
			productName = GeoService;
			productReference = 3527FAF41E608D2F0092241F /* libGeoService.a */;
			productType = "com.apple.product-type.library.static";
		};
/* End PBXNativeTarget section */

/* Begin PBXProject section */
		3527FAEC1E608D2F0092241F /* Project object */ = {
			isa = PBXProject;
			attributes = {
				LastUpgradeCheck = 0810;
				ORGANIZATIONNAME = "Daniel Ran Lehmann";
				TargetAttributes = {
					3527FAF31E608D2F0092241F = {
						CreatedOnToolsVersion = 8.1;
						DevelopmentTeam = 655US6229G;
						ProvisioningStyle = Automatic;
					};
				};
			};
			buildConfigurationList = 3527FAEF1E608D2F0092241F /* Build configuration list for PBXProject "GeoService" */;
			compatibilityVersion = "Xcode 3.2";
			developmentRegion = English;
			hasScannedForEncodings = 0;
			knownRegions = (
				en,
			);
			mainGroup = 3527FAEB1E608D2F0092241F;
			productRefGroup = 3527FAF51E608D2F0092241F /* Products */;
			projectDirPath = "";
			projectRoot = "";
			targets = (
				3527FAF31E608D2F0092241F /* GeoService */,
			);
		};
/* End PBXProject section */

/* Begin PBXSourcesBuildPhase section */
		3527FAF01E608D2F0092241F /* Sources */ = {
			isa = PBXSourcesBuildPhase;
			buildActionMask = 2147483647;
			files = (
				3527FAF91E608D2F0092241F /* GeoService.m in Sources */,
			);
			runOnlyForDeploymentPostprocessing = 0;
		};
/* End PBXSourcesBuildPhase section */

/* Begin XCBuildConfiguration section */
		3527FAFB1E608D2F0092241F /* Debug */ = {
			isa = XCBuildConfiguration;
			buildSettings = {
				ALWAYS_SEARCH_USER_PATHS = NO;
				CLANG_ANALYZER_NONNULL = YES;
				CLANG_CXX_LANGUAGE_STANDARD = "gnu++0x";
				CLANG_CXX_LIBRARY = "libc++";
				CLANG_ENABLE_MODULES = YES;
				CLANG_ENABLE_OBJC_ARC = YES;
				CLANG_WARN_BOOL_CONVERSION = YES;
				CLANG_WARN_CONSTANT_CONVERSION = YES;
				CLANG_WARN_DIRECT_OBJC_ISA_USAGE = YES_ERROR;
				CLANG_WARN_DOCUMENTATION_COMMENTS = YES;
				CLANG_WARN_EMPTY_BODY = YES;
				CLANG_WARN_ENUM_CONVERSION = YES;
				CLANG_WARN_INFINITE_RECURSION = YES;
				CLANG_WARN_INT_CONVERSION = YES;
				CLANG_WARN_OBJC_ROOT_CLASS = YES_ERROR;
				CLANG_WARN_SUSPICIOUS_MOVES = YES;
				CLANG_WARN_UNREACHABLE_CODE = YES;
				CLANG_WARN__DUPLICATE_METHOD_MATCH = YES;
				"CODE_SIGN_IDENTITY[sdk=iphoneos*]" = "iPhone Developer";
				COPY_PHASE_STRIP = NO;
				DEBUG_INFORMATION_FORMAT = dwarf;
				ENABLE_STRICT_OBJC_MSGSEND = YES;
				ENABLE_TESTABILITY = YES;
				GCC_C_LANGUAGE_STANDARD = gnu99;
				GCC_DYNAMIC_NO_PIC = NO;
				GCC_NO_COMMON_BLOCKS = YES;
				GCC_OPTIMIZATION_LEVEL = 0;
				GCC_PREPROCESSOR_DEFINITIONS = (
					"DEBUG=1",
					"$(inherited)",
				);
				GCC_WARN_64_TO_32_BIT_CONVERSION = YES;
				GCC_WARN_ABOUT_RETURN_TYPE = YES_ERROR;
				GCC_WARN_UNDECLARED_SELECTOR = YES;
				GCC_WARN_UNINITIALIZED_AUTOS = YES_AGGRESSIVE;
				GCC_WARN_UNUSED_FUNCTION = YES;
				GCC_WARN_UNUSED_VARIABLE = YES;
				IPHONEOS_DEPLOYMENT_TARGET = 10.1;
				MTL_ENABLE_DEBUG_INFO = YES;
				ONLY_ACTIVE_ARCH = YES;
				SDKROOT = iphoneos;
			};
			name = Debug;
		};
		3527FAFC1E608D2F0092241F /* Release */ = {
			isa = XCBuildConfiguration;
			buildSettings = {
				ALWAYS_SEARCH_USER_PATHS = NO;
				CLANG_ANALYZER_NONNULL = YES;
				CLANG_CXX_LANGUAGE_STANDARD = "gnu++0x";
				CLANG_CXX_LIBRARY = "libc++";
				CLANG_ENABLE_MODULES = YES;
				CLANG_ENABLE_OBJC_ARC = YES;
				CLANG_WARN_BOOL_CONVERSION = YES;
				CLANG_WARN_CONSTANT_CONVERSION = YES;
				CLANG_WARN_DIRECT_OBJC_ISA_USAGE = YES_ERROR;
				CLANG_WARN_DOCUMENTATION_COMMENTS = YES;
				CLANG_WARN_EMPTY_BODY = YES;
				CLANG_WARN_ENUM_CONVERSION = YES;
				CLANG_WARN_INFINITE_RECURSION = YES;
				CLANG_WARN_INT_CONVERSION = YES;
				CLANG_WARN_OBJC_ROOT_CLASS = YES_ERROR;
				CLANG_WARN_SUSPICIOUS_MOVES = YES;
				CLANG_WARN_UNREACHABLE_CODE = YES;
				CLANG_WARN__DUPLICATE_METHOD_MATCH = YES;
				"CODE_SIGN_IDENTITY[sdk=iphoneos*]" = "iPhone Developer";
				COPY_PHASE_STRIP = NO;
				DEBUG_INFORMATION_FORMAT = "dwarf-with-dsym";
				ENABLE_NS_ASSERTIONS = NO;
				ENABLE_STRICT_OBJC_MSGSEND = YES;
				GCC_C_LANGUAGE_STANDARD = gnu99;
				GCC_NO_COMMON_BLOCKS = YES;
				GCC_WARN_64_TO_32_BIT_CONVERSION = YES;
				GCC_WARN_ABOUT_RETURN_TYPE = YES_ERROR;
				GCC_WARN_UNDECLARED_SELECTOR = YES;
				GCC_WARN_UNINITIALIZED_AUTOS = YES_AGGRESSIVE;
				GCC_WARN_UNUSED_FUNCTION = YES;
				GCC_WARN_UNUSED_VARIABLE = YES;
				IPHONEOS_DEPLOYMENT_TARGET = 10.1;
				MTL_ENABLE_DEBUG_INFO = NO;
				SDKROOT = iphoneos;
				VALIDATE_PRODUCT = YES;
			};
			name = Release;
		};
		3527FAFE1E608D2F0092241F /* Debug */ = {
			isa = XCBuildConfiguration;
			buildSettings = {
				DEVELOPMENT_TEAM = 655US6229G;
				OTHER_LDFLAGS = "-ObjC";
				PRODUCT_NAME = "$(TARGET_NAME)";
				SKIP_INSTALL = YES;
			};
			name = Debug;
		};
		3527FAFF1E608D2F0092241F /* Release */ = {
			isa = XCBuildConfiguration;
			buildSettings = {
				DEVELOPMENT_TEAM = 655US6229G;
				OTHER_LDFLAGS = "-ObjC";
				PRODUCT_NAME = "$(TARGET_NAME)";
				SKIP_INSTALL = YES;
			};
			name = Release;
		};
/* End XCBuildConfiguration section */

/* Begin XCConfigurationList section */
		3527FAEF1E608D2F0092241F /* Build configuration list for PBXProject "GeoService" */ = {
			isa = XCConfigurationList;
			buildConfigurations = (
				3527FAFB1E608D2F0092241F /* Debug */,
				3527FAFC1E608D2F0092241F /* Release */,
			);
			defaultConfigurationIsVisible = 0;
			defaultConfigurationName = Release;
		};
		3527FAFD1E608D2F0092241F /* Build configuration list for PBXNativeTarget "GeoService" */ = {
			isa = XCConfigurationList;
			buildConfigurations = (
				3527FAFE1E608D2F0092241F /* Debug */,
				3527FAFF1E608D2F0092241F /* Release */,
			);
			defaultConfigurationIsVisible = 0;
		};
/* End XCConfigurationList section */
	};
	rootObject = 3527FAEC1E608D2F0092241F /* Project object */;
}
